
Microsoft Visual Studio Solution File, Format Version 12.00
# Visual Studio Version 17
VisualStudioVersion = 17.8.34330.188
MinimumVisualStudioVersion = 10.0.40219.1
Project("{9A19103F-16F7-4668-BE54-9A1E7A4F7556}") = "Logic", "Logic\Logic.csproj", "{2A0B7B8C-4C4A-49B1-9436-64BDEC2BE2D8}"
EndProject
Project("{9A19103F-16F7-4668-BE54-9A1E7A4F7556}") = "LogicTests", "LogicTests\LogicTests.csproj", "{A62E64AB-CAC1-4944-A4E5-9C3306E2DAF0}"
EndProject
Project("{FAE04EC0-301F-11D3-BF4B-00C04F79EFBC}") = "OcpAndDecoratorExample", "OcpAndDecoratorExample\OcpAndDecoratorExample.csproj", "{06494F70-C2C7-48D0-ABA5-9D5587A35974}"
EndProject
Global
	GlobalSection(SolutionConfigurationPlatforms) = preSolution
		Debug|Any CPU = Debug|Any CPU
		Release|Any CPU = Release|Any CPU
	EndGlobalSection
	GlobalSection(ProjectConfigurationPlatforms) = postSolution
		{2A0B7B8C-4C4A-49B1-9436-64BDEC2BE2D8}.Debug|Any CPU.ActiveCfg = Debug|Any CPU
		{2A0B7B8C-4C4A-49B1-9436-64BDEC2BE2D8}.Debug|Any CPU.Build.0 = Debug|Any CPU
		{2A0B7B8C-4C4A-49B1-9436-64BDEC2BE2D8}.Release|Any CPU.ActiveCfg = Release|Any CPU
		{2A0B7B8C-4C4A-49B1-9436-64BDEC2BE2D8}.Release|Any CPU.Build.0 = Release|Any CPU
		{A62E64AB-CAC1-4944-A4E5-9C3306E2DAF0}.Debug|Any CPU.ActiveCfg = Debug|Any CPU
		{A62E64AB-CAC1-4944-A4E5-9C3306E2DAF0}.Debug|Any CPU.Build.0 = Debug|Any CPU
		{A62E64AB-CAC1-4944-A4E5-9C3306E2DAF0}.Release|Any CPU.ActiveCfg = Release|Any CPU
		{A62E64AB-CAC1-4944-A4E5-9C3306E2DAF0}.Release|Any CPU.Build.0 = Release|Any CPU
		{06494F70-C2C7-48D0-ABA5-9D5587A35974}.Debug|Any CPU.ActiveCfg = Debug|Any CPU
		{06494F70-C2C7-48D0-ABA5-9D5587A35974}.Debug|Any CPU.Build.0 = Debug|Any CPU
		{06494F70-C2C7-48D0-ABA5-9D5587A35974}.Release|Any CPU.ActiveCfg = Release|Any CPU
		{06494F70-C2C7-48D0-ABA5-9D5587A35974}.Release|Any CPU.Build.0 = Release|Any CPU
	EndGlobalSection
	GlobalSection(SolutionProperties) = preSolution
		HideSolutionNode = FALSE
	EndGlobalSection
	GlobalSection(ExtensibilityGlobals) = postSolution
		SolutionGuid = {429F3639-F8FC-4E7A-88E7-FB95E5073264}
	EndGlobalSection
EndGlobal
